
Microsoft Visual Studio Solution File, Format Version 12.00
# Visual Studio Version 17
VisualStudioVersion = 17.10.34916.146
MinimumVisualStudioVersion = 10.0.40219.1
Project("{9A19103F-16F7-4668-BE54-9A1E7A4F7556}") = "Entity", "Entity\Entity.csproj", "{541CE5A6-EB74-4951-8451-A9DABF4A645B}"
EndProject
Project("{9A19103F-16F7-4668-BE54-9A1E7A4F7556}") = "Core", "Core\Core.csproj", "{7CEBFE95-14BC-4C6B-A674-93E8EB47614F}"
EndProject
Project("{FAE04EC0-301F-11D3-BF4B-00C04F79EFBC}") = "DataAccess", "DataAccess\DataAccess.csproj", "{1D0456BD-7F73-4ABC-BF68-E7C9DCAF7791}"
EndProject
Global
	GlobalSection(SolutionConfigurationPlatforms) = preSolution
		Debug|Any CPU = Debug|Any CPU
		Release|Any CPU = Release|Any CPU
	EndGlobalSection
	GlobalSection(ProjectConfigurationPlatforms) = postSolution
		{541CE5A6-EB74-4951-8451-A9DABF4A645B}.Debug|Any CPU.ActiveCfg = Debug|Any CPU
		{541CE5A6-EB74-4951-8451-A9DABF4A645B}.Debug|Any CPU.Build.0 = Debug|Any CPU
		{541CE5A6-EB74-4951-8451-A9DABF4A645B}.Release|Any CPU.ActiveCfg = Release|Any CPU
		{541CE5A6-EB74-4951-8451-A9DABF4A645B}.Release|Any CPU.Build.0 = Release|Any CPU
		{7CEBFE95-14BC-4C6B-A674-93E8EB47614F}.Debug|Any CPU.ActiveCfg = Debug|Any CPU
		{7CEBFE95-14BC-4C6B-A674-93E8EB47614F}.Debug|Any CPU.Build.0 = Debug|Any CPU
		{7CEBFE95-14BC-4C6B-A674-93E8EB47614F}.Release|Any CPU.ActiveCfg = Release|Any CPU
		{7CEBFE95-14BC-4C6B-A674-93E8EB47614F}.Release|Any CPU.Build.0 = Release|Any CPU
		{1D0456BD-7F73-4ABC-BF68-E7C9DCAF7791}.Debug|Any CPU.ActiveCfg = Debug|Any CPU
		{1D0456BD-7F73-4ABC-BF68-E7C9DCAF7791}.Debug|Any CPU.Build.0 = Debug|Any CPU
		{1D0456BD-7F73-4ABC-BF68-E7C9DCAF7791}.Release|Any CPU.ActiveCfg = Release|Any CPU
		{1D0456BD-7F73-4ABC-BF68-E7C9DCAF7791}.Release|Any CPU.Build.0 = Release|Any CPU
	EndGlobalSection
	GlobalSection(SolutionProperties) = preSolution
		HideSolutionNode = FALSE
	EndGlobalSection
	GlobalSection(ExtensibilityGlobals) = postSolution
		SolutionGuid = {BD471CF3-7A64-48CA-AA86-BE1CA50C43C7}
	EndGlobalSection
EndGlobal
